
Microsoft Visual Studio Solution File, Format Version 11.00
# Visual Studio 2010
Project("{FAE04EC0-301F-11D3-BF4B-00C04F79EFBC}") = "scLabs.PreProdPreview", "scLabs.PreProdPreview.csproj", "{63C9FDAA-8C03-47E9-9F7E-8C607643444C}"
EndProject
Global
	GlobalSection(SolutionConfigurationPlatforms) = preSolution
		Debug|Any CPU = Debug|Any CPU
		Release|Any CPU = Release|Any CPU
	EndGlobalSection
	GlobalSection(ProjectConfigurationPlatforms) = postSolution
		{63C9FDAA-8C03-47E9-9F7E-8C607643444C}.Debug|Any CPU.ActiveCfg = Debug|Any CPU
		{63C9FDAA-8C03-47E9-9F7E-8C607643444C}.Debug|Any CPU.Build.0 = Debug|Any CPU
		{63C9FDAA-8C03-47E9-9F7E-8C607643444C}.Release|Any CPU.ActiveCfg = Release|Any CPU
		{63C9FDAA-8C03-47E9-9F7E-8C607643444C}.Release|Any CPU.Build.0 = Release|Any CPU
	EndGlobalSection
	GlobalSection(SolutionProperties) = preSolution
		HideSolutionNode = FALSE
	EndGlobalSection
EndGlobal
